
Microsoft Visual Studio Solution File, Format Version 12.00
# Visual Studio Version 17
VisualStudioVersion = 17.8.34316.72
MinimumVisualStudioVersion = 10.0.40219.1
Project("{FAE04EC0-301F-11D3-BF4B-00C04F79EFBC}") = "setul 2", "setul 2\setul 2.csproj", "{3C31D0CF-C2BA-468B-8988-9552FC1ED40C}"
EndProject
Global
	GlobalSection(SolutionConfigurationPlatforms) = preSolution
		Debug|Any CPU = Debug|Any CPU
		Release|Any CPU = Release|Any CPU
	EndGlobalSection
	GlobalSection(ProjectConfigurationPlatforms) = postSolution
		{3C31D0CF-C2BA-468B-8988-9552FC1ED40C}.Debug|Any CPU.ActiveCfg = Debug|Any CPU
		{3C31D0CF-C2BA-468B-8988-9552FC1ED40C}.Debug|Any CPU.Build.0 = Debug|Any CPU
		{3C31D0CF-C2BA-468B-8988-9552FC1ED40C}.Release|Any CPU.ActiveCfg = Release|Any CPU
		{3C31D0CF-C2BA-468B-8988-9552FC1ED40C}.Release|Any CPU.Build.0 = Release|Any CPU
	EndGlobalSection
	GlobalSection(SolutionProperties) = preSolution
		HideSolutionNode = FALSE
	EndGlobalSection
	GlobalSection(ExtensibilityGlobals) = postSolution
		SolutionGuid = {E78D1BBC-BA93-45F0-B991-7291335EEB93}
	EndGlobalSection
EndGlobal
